
Microsoft Visual Studio Solution File, Format Version 12.00
# Visual Studio Version 17
VisualStudioVersion = 17.6.33927.249
MinimumVisualStudioVersion = 10.0.40219.1
Project("{FAE04EC0-301F-11D3-BF4B-00C04F79EFBC}") = "User_Collection_IList_Generic_Serializable", "User_Collection_IList_Generic_Serializable\User_Collection_IList_Generic_Serializable.csproj", "{2F4972DE-7E90-46C4-B3DD-709E750F06F3}"
EndProject
Global
	GlobalSection(SolutionConfigurationPlatforms) = preSolution
		Debug|Any CPU = Debug|Any CPU
		Release|Any CPU = Release|Any CPU
	EndGlobalSection
	GlobalSection(ProjectConfigurationPlatforms) = postSolution
		{2F4972DE-7E90-46C4-B3DD-709E750F06F3}.Debug|Any CPU.ActiveCfg = Debug|Any CPU
		{2F4972DE-7E90-46C4-B3DD-709E750F06F3}.Debug|Any CPU.Build.0 = Debug|Any CPU
		{2F4972DE-7E90-46C4-B3DD-709E750F06F3}.Release|Any CPU.ActiveCfg = Release|Any CPU
		{2F4972DE-7E90-46C4-B3DD-709E750F06F3}.Release|Any CPU.Build.0 = Release|Any CPU
	EndGlobalSection
	GlobalSection(SolutionProperties) = preSolution
		HideSolutionNode = FALSE
	EndGlobalSection
	GlobalSection(ExtensibilityGlobals) = postSolution
		SolutionGuid = {DF3058B3-D332-4F93-A7DB-78E923779ED3}
	EndGlobalSection
EndGlobal
